Microsoft Visual Studio Solution File, Format Version 12.00
# Visual Studio Version 17
VisualStudioVersion = 17.5.2.0
MinimumVisualStudioVersion = 10.0.40219.1
Project("{2150E333-8FDC-42A3-9474-1A3956D46DE8}") = "libs", "libs", "{6C4D298B-81FB-2B6B-5AB6-46205EDDC72C}"
EndProject
Project("{2150E333-8FDC-42A3-9474-1A3956D46DE8}") = "dotnet", "dotnet", "{4C547B5B-1C79-D8DD-05F5-C6BAAD0FF0DF}"
EndProject
Project("{FAE04EC0-301F-11D3-BF4B-00C04F79EFBC}") = "SharedKernel", "libs\dotnet\SharedKernel\SharedKernel.csproj", "{AD6AC314-1195-4F71-20CB-A425E87F1FF1}"
EndProject
Global
	GlobalSection(SolutionConfigurationPlatforms) = preSolution
		Debug|Any CPU = Debug|Any CPU
		Release|Any CPU = Release|Any CPU
	EndGlobalSection
	GlobalSection(ProjectConfigurationPlatforms) = postSolution
		{AD6AC314-1195-4F71-20CB-A425E87F1FF1}.Debug|Any CPU.ActiveCfg = Debug|Any CPU
		{AD6AC314-1195-4F71-20CB-A425E87F1FF1}.Debug|Any CPU.Build.0 = Debug|Any CPU
		{AD6AC314-1195-4F71-20CB-A425E87F1FF1}.Release|Any CPU.ActiveCfg = Release|Any CPU
		{AD6AC314-1195-4F71-20CB-A425E87F1FF1}.Release|Any CPU.Build.0 = Release|Any CPU
	EndGlobalSection
	GlobalSection(SolutionProperties) = preSolution
		HideSolutionNode = FALSE
	EndGlobalSection
	GlobalSection(NestedProjects) = preSolution
		{4C547B5B-1C79-D8DD-05F5-C6BAAD0FF0DF} = {6C4D298B-81FB-2B6B-5AB6-46205EDDC72C}
		{AD6AC314-1195-4F71-20CB-A425E87F1FF1} = {4C547B5B-1C79-D8DD-05F5-C6BAAD0FF0DF}
	EndGlobalSection
	GlobalSection(ExtensibilityGlobals) = postSolution
		SolutionGuid = {3B88B770-314A-4B47-A717-2C44379623B5}
	EndGlobalSection
EndGlobal
